
Microsoft Visual Studio Solution File, Format Version 12.00
# Visual Studio Version 17
VisualStudioVersion = 17.14.36414.22
MinimumVisualStudioVersion = 10.0.40219.1
Project("{D954291E-2A0B-460D-934E-DC6B0785DB48}") = "SomniumCustomFixes.Core", "SomniumCustomFixes.Core\SomniumCustomFixes.Core.shproj", "{63D7AFD4-7439-4E30-ABA9-D73363FF49CA}"
EndProject
Project("{FAE04EC0-301F-11D3-BF4B-00C04F79EFBC}") = "SomniumCustomFixes.AI_TheSomniumFiles2", "SomniumCustomFixes.AI_TheSomniumFiles2\SomniumCustomFixes.AI_TheSomniumFiles2.csproj", "{B2EB7AFA-5A37-4062-B051-E0430E2367F8}"
EndProject
Project("{FAE04EC0-301F-11D3-BF4B-00C04F79EFBC}") = "SomniumCustomFixes.NoSleepForKanameDate", "SomniumCustomFixes.NoSleepForKanameDate\SomniumCustomFixes.NoSleepForKanameDate.csproj", "{0E9320E9-6786-4EC7-838C-C710ECC4D808}"
EndProject
Project("{2150E333-8FDC-42A3-9474-1A3956D46DE8}") = "Solution Items", "Solution Items", "{02EA681E-C7D8-13C7-8484-4AC65E1B71E8}"
	ProjectSection(SolutionItems) = preProject
		Directory.Build.props = Directory.Build.props
	EndProjectSection
EndProject
Global
	GlobalSection(SolutionConfigurationPlatforms) = preSolution
		_All|Any CPU = _All|Any CPU
		AI_TheSomniumFiles2|Any CPU = AI_TheSomniumFiles2|Any CPU
		NoSleepForKanameDate|Any CPU = NoSleepForKanameDate|Any CPU
	EndGlobalSection
	GlobalSection(ProjectConfigurationPlatforms) = postSolution
		{B2EB7AFA-5A37-4062-B051-E0430E2367F8}._All|Any CPU.ActiveCfg = Release|Any CPU
		{B2EB7AFA-5A37-4062-B051-E0430E2367F8}._All|Any CPU.Build.0 = Release|Any CPU
		{B2EB7AFA-5A37-4062-B051-E0430E2367F8}.AI_TheSomniumFiles2|Any CPU.ActiveCfg = Release|Any CPU
		{B2EB7AFA-5A37-4062-B051-E0430E2367F8}.AI_TheSomniumFiles2|Any CPU.Build.0 = Release|Any CPU
		{B2EB7AFA-5A37-4062-B051-E0430E2367F8}.NoSleepForKanameDate|Any CPU.ActiveCfg = Release|Any CPU
		{0E9320E9-6786-4EC7-838C-C710ECC4D808}._All|Any CPU.ActiveCfg = Release|Any CPU
		{0E9320E9-6786-4EC7-838C-C710ECC4D808}._All|Any CPU.Build.0 = Release|Any CPU
		{0E9320E9-6786-4EC7-838C-C710ECC4D808}.AI_TheSomniumFiles2|Any CPU.ActiveCfg = Release|Any CPU
		{0E9320E9-6786-4EC7-838C-C710ECC4D808}.NoSleepForKanameDate|Any CPU.ActiveCfg = Release|Any CPU
		{0E9320E9-6786-4EC7-838C-C710ECC4D808}.NoSleepForKanameDate|Any CPU.Build.0 = Release|Any CPU
	EndGlobalSection
	GlobalSection(SolutionProperties) = preSolution
		HideSolutionNode = FALSE
	EndGlobalSection
	GlobalSection(ExtensibilityGlobals) = postSolution
		SolutionGuid = {2C1AAA23-3364-495D-B001-45818B2AA8D7}
	EndGlobalSection
	GlobalSection(SharedMSBuildProjectFiles) = preSolution
		SomniumCustomFixes.Core\SomniumCustomFixes.Core.projitems*{0e9320e9-6786-4ec7-838c-c710ecc4d808}*SharedItemsImports = 5
		SomniumCustomFixes.Core\SomniumCustomFixes.Core.projitems*{63d7afd4-7439-4e30-aba9-d73363ff49ca}*SharedItemsImports = 13
		SomniumCustomFixes.Core\SomniumCustomFixes.Core.projitems*{b2eb7afa-5a37-4062-b051-e0430e2367f8}*SharedItemsImports = 5
	EndGlobalSection
EndGlobal
